
Microsoft Visual Studio Solution File, Format Version 12.00
# Visual Studio Version 16
VisualStudioVersion = 16.0.31515.178
MinimumVisualStudioVersion = 10.0.40219.1
Project("{FAE04EC0-301F-11D3-BF4B-00C04F79EFBC}") = "EmpWage_Using_Ooops", "EmpWage_Using_Ooops\EmpWage_Using_Ooops.csproj", "{7B1F7E11-F902-4D91-8B67-8E554EDA6CCF}"
EndProject
Global
	GlobalSection(SolutionConfigurationPlatforms) = preSolution
		Debug|Any CPU = Debug|Any CPU
		Release|Any CPU = Release|Any CPU
	EndGlobalSection
	GlobalSection(ProjectConfigurationPlatforms) = postSolution
		{7B1F7E11-F902-4D91-8B67-8E554EDA6CCF}.Debug|Any CPU.ActiveCfg = Debug|Any CPU
		{7B1F7E11-F902-4D91-8B67-8E554EDA6CCF}.Debug|Any CPU.Build.0 = Debug|Any CPU
		{7B1F7E11-F902-4D91-8B67-8E554EDA6CCF}.Release|Any CPU.ActiveCfg = Release|Any CPU
		{7B1F7E11-F902-4D91-8B67-8E554EDA6CCF}.Release|Any CPU.Build.0 = Release|Any CPU
	EndGlobalSection
	GlobalSection(SolutionProperties) = preSolution
		HideSolutionNode = FALSE
	EndGlobalSection
	GlobalSection(ExtensibilityGlobals) = postSolution
		SolutionGuid = {4FCA730B-5E28-4C7B-AEB5-7DEAF9488B3A}
	EndGlobalSection
EndGlobal
